
Microsoft Visual Studio Solution File, Format Version 12.00
# Visual Studio Version 17
VisualStudioVersion = 17.10.35013.160
MinimumVisualStudioVersion = 10.0.40219.1
Project("{8BC9CEB8-8B4A-11D0-8D11-00A0C91BC942}") = "AbsolutNoLibVC", "AbsolutNoLibVC.vcxproj", "{6AFFB795-FEBB-46AC-BA6B-61325C6CDC5C}"
EndProject
Project("{8BC9CEB8-8B4A-11D0-8D11-00A0C91BC942}") = "YmirNoGl", "..\YmirNoGl\YmirNoGl.vcxproj", "{D33E5C3D-7ECE-4570-9C51-3F67DAF6ED17}"
EndProject
Project("{8BC9CEB8-8B4A-11D0-8D11-00A0C91BC942}") = "ToolsNoGl", "..\ToolsNoGl\ToolsNoGl.vcxproj", "{8A99417E-7920-47A9-BB23-EF6D12882AD7}"
EndProject
Project("{8BC9CEB8-8B4A-11D0-8D11-00A0C91BC942}") = "latFitNoGl", "..\latFitNoGl\latFitNoGl.vcxproj", "{A9D7D000-DA5E-483B-9668-5F3B90D4B048}"
EndProject
Project("{8BC9CEB8-8B4A-11D0-8D11-00A0C91BC942}") = "plainConsole", "..\plainConsole\plainConsole.vcxproj", "{E4702B26-3F2C-4FCD-8D5B-69D526ED0293}"
EndProject
Project("{8BC9CEB8-8B4A-11D0-8D11-00A0C91BC942}") = "pthread_static_lib", "..\pthread-win32\windows\VS2022\pthread_lib.2022.vcxproj", "{A063DFAD-6995-4E1A-AFFF-E43DC11E95B1}"
EndProject
Global
	GlobalSection(SolutionConfigurationPlatforms) = preSolution
		Debug|x64 = Debug|x64
		Debug|x86 = Debug|x86
		Release|x64 = Release|x64
		Release|x86 = Release|x86
	EndGlobalSection
	GlobalSection(ProjectConfigurationPlatforms) = postSolution
		{6AFFB795-FEBB-46AC-BA6B-61325C6CDC5C}.Debug|x64.ActiveCfg = Debug|x64
		{6AFFB795-FEBB-46AC-BA6B-61325C6CDC5C}.Debug|x64.Build.0 = Debug|x64
		{6AFFB795-FEBB-46AC-BA6B-61325C6CDC5C}.Debug|x86.ActiveCfg = Debug|Win32
		{6AFFB795-FEBB-46AC-BA6B-61325C6CDC5C}.Debug|x86.Build.0 = Debug|Win32
		{6AFFB795-FEBB-46AC-BA6B-61325C6CDC5C}.Release|x64.ActiveCfg = Release|x64
		{6AFFB795-FEBB-46AC-BA6B-61325C6CDC5C}.Release|x64.Build.0 = Release|x64
		{6AFFB795-FEBB-46AC-BA6B-61325C6CDC5C}.Release|x86.ActiveCfg = Release|Win32
		{6AFFB795-FEBB-46AC-BA6B-61325C6CDC5C}.Release|x86.Build.0 = Release|Win32
		{D33E5C3D-7ECE-4570-9C51-3F67DAF6ED17}.Debug|x64.ActiveCfg = Debug|x64
		{D33E5C3D-7ECE-4570-9C51-3F67DAF6ED17}.Debug|x64.Build.0 = Debug|x64
		{D33E5C3D-7ECE-4570-9C51-3F67DAF6ED17}.Debug|x86.ActiveCfg = Debug|Win32
		{D33E5C3D-7ECE-4570-9C51-3F67DAF6ED17}.Debug|x86.Build.0 = Debug|Win32
		{D33E5C3D-7ECE-4570-9C51-3F67DAF6ED17}.Release|x64.ActiveCfg = Release|x64
		{D33E5C3D-7ECE-4570-9C51-3F67DAF6ED17}.Release|x64.Build.0 = Release|x64
		{D33E5C3D-7ECE-4570-9C51-3F67DAF6ED17}.Release|x86.ActiveCfg = Release|Win32
		{D33E5C3D-7ECE-4570-9C51-3F67DAF6ED17}.Release|x86.Build.0 = Release|Win32
		{8A99417E-7920-47A9-BB23-EF6D12882AD7}.Debug|x64.ActiveCfg = Debug|x64
		{8A99417E-7920-47A9-BB23-EF6D12882AD7}.Debug|x64.Build.0 = Debug|x64
		{8A99417E-7920-47A9-BB23-EF6D12882AD7}.Debug|x86.ActiveCfg = Debug|Win32
		{8A99417E-7920-47A9-BB23-EF6D12882AD7}.Debug|x86.Build.0 = Debug|Win32
		{8A99417E-7920-47A9-BB23-EF6D12882AD7}.Release|x64.ActiveCfg = Release|x64
		{8A99417E-7920-47A9-BB23-EF6D12882AD7}.Release|x64.Build.0 = Release|x64
		{8A99417E-7920-47A9-BB23-EF6D12882AD7}.Release|x86.ActiveCfg = Release|Win32
		{8A99417E-7920-47A9-BB23-EF6D12882AD7}.Release|x86.Build.0 = Release|Win32
		{A9D7D000-DA5E-483B-9668-5F3B90D4B048}.Debug|x64.ActiveCfg = Debug|x64
		{A9D7D000-DA5E-483B-9668-5F3B90D4B048}.Debug|x64.Build.0 = Debug|x64
		{A9D7D000-DA5E-483B-9668-5F3B90D4B048}.Debug|x86.ActiveCfg = Debug|Win32
		{A9D7D000-DA5E-483B-9668-5F3B90D4B048}.Debug|x86.Build.0 = Debug|Win32
		{A9D7D000-DA5E-483B-9668-5F3B90D4B048}.Release|x64.ActiveCfg = Release|x64
		{A9D7D000-DA5E-483B-9668-5F3B90D4B048}.Release|x64.Build.0 = Release|x64
		{A9D7D000-DA5E-483B-9668-5F3B90D4B048}.Release|x86.ActiveCfg = Release|Win32
		{A9D7D000-DA5E-483B-9668-5F3B90D4B048}.Release|x86.Build.0 = Release|Win32
		{E4702B26-3F2C-4FCD-8D5B-69D526ED0293}.Debug|x64.ActiveCfg = Debug|x64
		{E4702B26-3F2C-4FCD-8D5B-69D526ED0293}.Debug|x64.Build.0 = Debug|x64
		{E4702B26-3F2C-4FCD-8D5B-69D526ED0293}.Debug|x86.ActiveCfg = Debug|Win32
		{E4702B26-3F2C-4FCD-8D5B-69D526ED0293}.Debug|x86.Build.0 = Debug|Win32
		{E4702B26-3F2C-4FCD-8D5B-69D526ED0293}.Release|x64.ActiveCfg = Release|x64
		{E4702B26-3F2C-4FCD-8D5B-69D526ED0293}.Release|x64.Build.0 = Release|x64
		{E4702B26-3F2C-4FCD-8D5B-69D526ED0293}.Release|x86.ActiveCfg = Release|Win32
		{E4702B26-3F2C-4FCD-8D5B-69D526ED0293}.Release|x86.Build.0 = Release|Win32
		{A063DFAD-6995-4E1A-AFFF-E43DC11E95B1}.Debug|x64.ActiveCfg = Debug|x64
		{A063DFAD-6995-4E1A-AFFF-E43DC11E95B1}.Debug|x64.Build.0 = Debug|x64
		{A063DFAD-6995-4E1A-AFFF-E43DC11E95B1}.Debug|x86.ActiveCfg = Debug|Win32
		{A063DFAD-6995-4E1A-AFFF-E43DC11E95B1}.Debug|x86.Build.0 = Debug|Win32
		{A063DFAD-6995-4E1A-AFFF-E43DC11E95B1}.Release|x64.ActiveCfg = Release|x64
		{A063DFAD-6995-4E1A-AFFF-E43DC11E95B1}.Release|x64.Build.0 = Release|x64
		{A063DFAD-6995-4E1A-AFFF-E43DC11E95B1}.Release|x86.ActiveCfg = Release|Win32
		{A063DFAD-6995-4E1A-AFFF-E43DC11E95B1}.Release|x86.Build.0 = Release|Win32
	EndGlobalSection
	GlobalSection(SolutionProperties) = preSolution
		HideSolutionNode = FALSE
	EndGlobalSection
	GlobalSection(ExtensibilityGlobals) = postSolution
		SolutionGuid = {D31B61ED-FB48-457C-9387-34E78E8891B8}
	EndGlobalSection
EndGlobal
